
Microsoft Visual Studio Solution File, Format Version 12.00
# Visual Studio Version 16
VisualStudioVersion = 16.0.30011.22
MinimumVisualStudioVersion = 10.0.40219.1
Project("{8BC9CEB8-8B4A-11D0-8D11-00A0C91BC942}") = "conChapter2", "conChapter2\conChapter2.vcxproj", "{26C53E86-6AF6-4C6B-BC4A-F7AAB9E41B1C}"
EndProject
Global
	GlobalSection(SolutionConfigurationPlatforms) = preSolution
		Debug|x64 = Debug|x64
		Debug|x86 = Debug|x86
		Release|x64 = Release|x64
		Release|x86 = Release|x86
	EndGlobalSection
	GlobalSection(ProjectConfigurationPlatforms) = postSolution
		{26C53E86-6AF6-4C6B-BC4A-F7AAB9E41B1C}.Debug|x64.ActiveCfg = Debug|x64
		{26C53E86-6AF6-4C6B-BC4A-F7AAB9E41B1C}.Debug|x64.Build.0 = Debug|x64
		{26C53E86-6AF6-4C6B-BC4A-F7AAB9E41B1C}.Debug|x86.ActiveCfg = Debug|Win32
		{26C53E86-6AF6-4C6B-BC4A-F7AAB9E41B1C}.Debug|x86.Build.0 = Debug|Win32
		{26C53E86-6AF6-4C6B-BC4A-F7AAB9E41B1C}.Release|x64.ActiveCfg = Release|x64
		{26C53E86-6AF6-4C6B-BC4A-F7AAB9E41B1C}.Release|x64.Build.0 = Release|x64
		{26C53E86-6AF6-4C6B-BC4A-F7AAB9E41B1C}.Release|x86.ActiveCfg = Release|Win32
		{26C53E86-6AF6-4C6B-BC4A-F7AAB9E41B1C}.Release|x86.Build.0 = Release|Win32
	EndGlobalSection
	GlobalSection(SolutionProperties) = preSolution
		HideSolutionNode = FALSE
	EndGlobalSection
	GlobalSection(ExtensibilityGlobals) = postSolution
		SolutionGuid = {5F83B9FC-A4FB-4555-ADE3-EDBB2F4F6A43}
	EndGlobalSection
EndGlobal
